
Microsoft Visual Studio Solution File, Format Version 12.00
# Visual Studio 2013
VisualStudioVersion = 12.0.30501.0
MinimumVisualStudioVersion = 10.0.40219.1
Project("{FAE04EC0-301F-11D3-BF4B-00C04F79EFBC}") = "WebAPIPractice2", "WebAPIPractice2\WebAPIPractice2.csproj", "{5CA0A816-D3E5-4ACF-A98A-F7829579FF93}"
EndProject
Global
	GlobalSection(SolutionConfigurationPlatforms) = preSolution
		Debug|Any CPU = Debug|Any CPU
		Release|Any CPU = Release|Any CPU
	EndGlobalSection
	GlobalSection(ProjectConfigurationPlatforms) = postSolution
		{5CA0A816-D3E5-4ACF-A98A-F7829579FF93}.Debug|Any CPU.ActiveCfg = Debug|Any CPU
		{5CA0A816-D3E5-4ACF-A98A-F7829579FF93}.Debug|Any CPU.Build.0 = Debug|Any CPU
		{5CA0A816-D3E5-4ACF-A98A-F7829579FF93}.Release|Any CPU.ActiveCfg = Release|Any CPU
		{5CA0A816-D3E5-4ACF-A98A-F7829579FF93}.Release|Any CPU.Build.0 = Release|Any CPU
	EndGlobalSection
	GlobalSection(SolutionProperties) = preSolution
		HideSolutionNode = FALSE
	EndGlobalSection
EndGlobal
